github.com/ch2isk4kos/gover-react/chat-server v0.0.0-20201108045759-bc46dffc2950 h1:fKW8e64iMgfWKrPXr5/FstTyycsBP3+/UtnJQsu2t2k=
github.com/gorilla/websocket v1.4.2 h1:+/TMaTYc4QFitKJxsQ7Yye35DkWvkdLcvGKqM+x0Ufc=
github.com/gorilla/websocket v1.4.2/go.mod h1:YR8l580nyteQvAITg2hZ9XVh4b55+EU/adAjf1fMHhE=
